// !$*UTF8*$!
{
	archiveVersion = 1;
	classes = {
	};
	objectVersion = 46;
	objects = {

/* Begin PBXBuildFile section */
		126CC5851DB7F58B00798E71 /* AppDelegate.swift in Sources */ = {isa = PBXBuildFile; fileRef = 126CC5841DB7F58B00798E71 /* AppDelegate.swift */; };
		126CC5871DB7F58B00798E71 /* MainVC.swift in Sources */ = {isa = PBXBuildFile; fileRef = 126CC5861DB7F58B00798E71 /* MainVC.swift */; };
		126CC58A1DB7F58B00798E71 /* Main.storyboard in Resources */ = {isa = PBXBuildFile; fileRef = 126CC5881DB7F58B00798E71 /* Main.storyboard */; };
		126CC58C1DB7F58B00798E71 /* Assets.xcassets in Resources */ = {isa = PBXBuildFile; fileRef = 126CC58B1DB7F58B00798E71 /* Assets.xcassets */; };
		126CC58F1DB7F58B00798E71 /* LaunchScreen.storyboard in Resources */ = {isa = PBXBuildFile; fileRef = 126CC58D1DB7F58B00798E71 /* LaunchScreen.storyboard */; };
		12E29E651DB7FC2300553D64 /* still time.ttf in Resources */ = {isa = PBXBuildFile; fileRef = 12E29E641DB7FC2300553D64 /* still time.ttf */; };
/* End PBXBuildFile section */

/* Begin PBXFileReference section */
		126CC5811DB7F58B00798E71 /* PartyRock.app */ = {isa = PBXFileReference; explicitFileType = wrapper.application; includeInIndex = 0; path = PartyRock.app; sourceTree = BUILT_PRODUCTS_DIR; };
		126CC5841DB7F58B00798E71 /* AppDelegate.swift */ = {isa = PBXFileReference; lastKnownFileType = sourcecode.swift; path = AppDelegate.swift; sourceTree = "<group>"; };
		126CC5861DB7F58B00798E71 /* MainVC.swift */ = {isa = PBXFileReference; lastKnownFileType = sourcecode.swift; path = MainVC.swift; sourceTree = "<group>"; };
		126CC5891DB7F58B00798E71 /* Base */ = {isa = PBXFileReference; lastKnownFileType = file.storyboard; name = Base; path = Base.lproj/Main.storyboard; sourceTree = "<group>"; };
		126CC58B1DB7F58B00798E71 /* Assets.xcassets */ = {isa = PBXFileReference; lastKnownFileType = folder.assetcatalog; path = Assets.xcassets; sourceTree = "<group>"; };
		126CC58E1DB7F58B00798E71 /* Base */ = {isa = PBXFileReference; lastKnownFileType = file.storyboard; name = Base; path = Base.lproj/LaunchScreen.storyboard; sourceTree = "<group>"; };
		126CC5901DB7F58B00798E71 /* Info.plist */ = {isa = PBXFileReference; lastKnownFileType = text.plist.xml; path = Info.plist; sourceTree = "<group>"; };
		12E29E641DB7FC2300553D64 /* still time.ttf */ = {isa = PBXFileReference; lastKnownFileType = file; path = "still time.ttf"; sourceTree = "<group>"; };
/* End PBXFileReference section */

/* Begin PBXFrameworksBuildPhase section */
		126CC57E1DB7F58B00798E71 /* Frameworks */ = {
			isa = PBXFrameworksBuildPhase;
			buildActionMask = 2147483647;
			files = (
			);
			runOnlyForDeploymentPostprocessing = 0;
		};
/* End PBXFrameworksBuildPhase section */

/* Begin PBXGroup section */
		126CC5781DB7F58B00798E71 = {
			isa = PBXGroup;
			children = (
				126CC5831DB7F58B00798E71 /* PartyRock */,
				126CC5821DB7F58B00798E71 /* Products */,
			);
			sourceTree = "<group>";
		};
		126CC5821DB7F58B00798E71 /* Products */ = {
			isa = PBXGroup;
			children = (
				126CC5811DB7F58B00798E71 /* PartyRock.app */,
			);
			name = Products;
			sourceTree = "<group>";
		};
		126CC5831DB7F58B00798E71 /* PartyRock */ = {
			isa = PBXGroup;
			children = (
				12E29E661DB7FC3100553D64 /* Files */,
				126CC5981DB7F7B800798E71 /* Controller */,
				126CC5971DB7F7B300798E71 /* View */,
				126CC5961DB7F7AE00798E71 /* Model */,
				126CC5841DB7F58B00798E71 /* AppDelegate.swift */,
				126CC5881DB7F58B00798E71 /* Main.storyboard */,
				126CC58B1DB7F58B00798E71 /* Assets.xcassets */,
				126CC58D1DB7F58B00798E71 /* LaunchScreen.storyboard */,
				126CC5901DB7F58B00798E71 /* Info.plist */,
			);
			path = PartyRock;
			sourceTree = "<group>";
		};
		126CC5961DB7F7AE00798E71 /* Model */ = {
			isa = PBXGroup;
			children = (
			);
			name = Model;
			sourceTree = "<group>";
		};
		126CC5971DB7F7B300798E71 /* View */ = {
			isa = PBXGroup;
			children = (
			);
			name = View;
			sourceTree = "<group>";
		};
		126CC5981DB7F7B800798E71 /* Controller */ = {
			isa = PBXGroup;
			children = (
				126CC5861DB7F58B00798E71 /* MainVC.swift */,
			);
			name = Controller;
			sourceTree = "<group>";
		};
		12E29E661DB7FC3100553D64 /* Files */ = {
			isa = PBXGroup;
			children = (
				12E29E641DB7FC2300553D64 /* still time.ttf */,
			);
			name = Files;
			sourceTree = "<group>";
		};
/* End PBXGroup section */

/* Begin PBXNativeTarget section */
		126CC5801DB7F58B00798E71 /* PartyRock */ = {
			isa = PBXNativeTarget;
			buildConfigurationList = 126CC5931DB7F58B00798E71 /* Build configuration list for PBXNativeTarget "PartyRock" */;
			buildPhases = (
				126CC57D1DB7F58B00798E71 /* Sources */,
				126CC57E1DB7F58B00798E71 /* Frameworks */,
				126CC57F1DB7F58B00798E71 /* Resources */,
			);
			buildRules = (
			);
			dependencies = (
			);
			name = PartyRock;
			productName = PartyRock;
			productReference = 126CC5811DB7F58B00798E71 /* PartyRock.app */;
			productType = "com.apple.product-type.application";
		};
/* End PBXNativeTarget section */

/* Begin PBXProject section */
		126CC5791DB7F58B00798E71 /* Project object */ = {
			isa = PBXProject;
			attributes = {
				LastSwiftUpdateCheck = 0800;
				LastUpgradeCheck = 0800;
				ORGANIZATIONNAME = "roux g. buciu";
				TargetAttributes = {
					126CC5801DB7F58B00798E71 = {
						CreatedOnToolsVersion = 8.0;
						DevelopmentTeam = 8DD4C7KK4P;
						ProvisioningStyle = Automatic;
					};
				};
			};
			buildConfigurationList = 126CC57C1DB7F58B00798E71 /* Build configuration list for PBXProject "PartyRock" */;
			compatibilityVersion = "Xcode 3.2";
			developmentRegion = English;
			hasScannedForEncodings = 0;
			knownRegions = (
				en,
				Base,
			);
			mainGroup = 126CC5781DB7F58B00798E71;
			productRefGroup = 126CC5821DB7F58B00798E71 /* Products */;
			projectDirPath = "";
			projectRoot = "";
			targets = (
				126CC5801DB7F58B00798E71 /* PartyRock */,
			);
		};
/* End PBXProject section */

/* Begin PBXResourcesBuildPhase section */
		126CC57F1DB7F58B00798E71 /* Resources */ = {
			isa = PBXResourcesBuildPhase;
			buildActionMask = 2147483647;
			files = (
				126CC58F1DB7F58B00798E71 /* LaunchScreen.storyboard in Resources */,
				12E29E651DB7FC2300553D64 /* still time.ttf in Resources */,
				126CC58C1DB7F58B00798E71 /* Assets.xcassets in Resources */,
				126CC58A1DB7F58B00798E71 /* Main.storyboard in Resources */,
			);
			runOnlyForDeploymentPostprocessing = 0;
		};
/* End PBXResourcesBuildPhase section */

/* Begin PBXSourcesBuildPhase section */
		126CC57D1DB7F58B00798E71 /* Sources */ = {
			isa = PBXSourcesBuildPhase;
			buildActionMask = 2147483647;
			files = (
				126CC5871DB7F58B00798E71 /* MainVC.swift in Sources */,
				126CC5851DB7F58B00798E71 /* AppDelegate.swift in Sources */,
			);
			runOnlyForDeploymentPostprocessing = 0;
		};
/* End PBXSourcesBuildPhase section */

/* Begin PBXVariantGroup section */
		126CC5881DB7F58B00798E71 /* Main.storyboard */ = {
			isa = PBXVariantGroup;
			children = (
				126CC5891DB7F58B00798E71 /* Base */,
			);
			name = Main.storyboard;
			sourceTree = "<group>";
		};
		126CC58D1DB7F58B00798E71 /* LaunchScreen.storyboard */ = {
			isa = PBXVariantGroup;
			children = (
				126CC58E1DB7F58B00798E71 /* Base */,
			);
			name = LaunchScreen.storyboard;
			sourceTree = "<group>";
		};
/* End PBXVariantGroup section */

/* Begin XCBuildConfiguration section */
		126CC5911DB7F58B00798E71 /* Debug */ = {
			isa = XCBuildConfiguration;
			buildSettings = {
				ALWAYS_SEARCH_USER_PATHS = NO;
				CLANG_ANALYZER_NONNULL = YES;
				CLANG_CXX_LANGUAGE_STANDARD = "gnu++0x";
				CLANG_CXX_LIBRARY = "libc++";
				CLANG_ENABLE_MODULES = YES;
				CLANG_ENABLE_OBJC_ARC = YES;
				CLANG_WARN_BOOL_CONVERSION = YES;
				CLANG_WARN_CONSTANT_CONVERSION = YES;
				CLANG_WARN_DIRECT_OBJC_ISA_USAGE = YES_ERROR;
				CLANG_WARN_DOCUMENTATION_COMMENTS = YES;
				CLANG_WARN_EMPTY_BODY = YES;
				CLANG_WARN_ENUM_CONVERSION = YES;
				CLANG_WARN_INFINITE_RECURSION = YES;
				CLANG_WARN_INT_CONVERSION = YES;
				CLANG_WARN_OBJC_ROOT_CLASS = YES_ERROR;
				CLANG_WARN_SUSPICIOUS_MOVES = YES;
				CLANG_WARN_UNREACHABLE_CODE = YES;
				CLANG_WARN__DUPLICATE_METHOD_MATCH = YES;
				"CODE_SIGN_IDENTITY[sdk=iphoneos*]" = "iPhone Developer";
				COPY_PHASE_STRIP = NO;
				DEBUG_INFORMATION_FORMAT = dwarf;
				ENABLE_STRICT_OBJC_MSGSEND = YES;
				ENABLE_TESTABILITY = YES;
				GCC_C_LANGUAGE_STANDARD = gnu99;
				GCC_DYNAMIC_NO_PIC = NO;
				GCC_NO_COMMON_BLOCKS = YES;
				GCC_OPTIMIZATION_LEVEL = 0;
				GCC_PREPROCESSOR_DEFINITIONS = (
					"DEBUG=1",
					"$(inherited)",
				);
				GCC_WARN_64_TO_32_BIT_CONVERSION = YES;
				GCC_WARN_ABOUT_RETURN_TYPE = YES_ERROR;
				GCC_WARN_UNDECLARED_SELECTOR = YES;
				GCC_WARN_UNINITIALIZED_AUTOS = YES_AGGRESSIVE;
				GCC_WARN_UNUSED_FUNCTION = YES;
				GCC_WARN_UNUSED_VARIABLE = YES;
				IPHONEOS_DEPLOYMENT_TARGET = 10.0;
				MTL_ENABLE_DEBUG_INFO = YES;
				ONLY_ACTIVE_ARCH = YES;
				SDKROOT = iphoneos;
				SWIFT_ACTIVE_COMPILATION_CONDITIONS = DEBUG;
				SWIFT_OPTIMIZATION_LEVEL = "-Onone";
				TARGETED_DEVICE_FAMILY = "1,2";
			};
			name = Debug;
		};
		126CC5921DB7F58B00798E71 /* Release */ = {
			isa = XCBuildConfiguration;
			buildSettings = {
				ALWAYS_SEARCH_USER_PATHS = NO;
				CLANG_ANALYZER_NONNULL = YES;
				CLANG_CXX_LANGUAGE_STANDARD = "gnu++0x";
				CLANG_CXX_LIBRARY = "libc++";
				CLANG_ENABLE_MODULES = YES;
				CLANG_ENABLE_OBJC_ARC = YES;
				CLANG_WARN_BOOL_CONVERSION = YES;
				CLANG_WARN_CONSTANT_CONVERSION = YES;
				CLANG_WARN_DIRECT_OBJC_ISA_USAGE = YES_ERROR;
				CLANG_WARN_DOCUMENTATION_COMMENTS = YES;
				CLANG_WARN_EMPTY_BODY = YES;
				CLANG_WARN_ENUM_CONVERSION = YES;
				CLANG_WARN_INFINITE_RECURSION = YES;
				CLANG_WARN_INT_CONVERSION = YES;
				CLANG_WARN_OBJC_ROOT_CLASS = YES_ERROR;
				CLANG_WARN_SUSPICIOUS_MOVES = YES;
				CLANG_WARN_UNREACHABLE_CODE = YES;
				CLANG_WARN__DUPLICATE_METHOD_MATCH = YES;
				"CODE_SIGN_IDENTITY[sdk=iphoneos*]" = "iPhone Developer";
				COPY_PHASE_STRIP = NO;
				DEBUG_INFORMATION_FORMAT = "dwarf-with-dsym";
				ENABLE_NS_ASSERTIONS = NO;
				ENABLE_STRICT_OBJC_MSGSEND = YES;
				GCC_C_LANGUAGE_STANDARD = gnu99;
				GCC_NO_COMMON_BLOCKS = YES;
				GCC_WARN_64_TO_32_BIT_CONVERSION = YES;
				GCC_WARN_ABOUT_RETURN_TYPE = YES_ERROR;
				GCC_WARN_UNDECLARED_SELECTOR = YES;
				GCC_WARN_UNINITIALIZED_AUTOS = YES_AGGRESSIVE;
				GCC_WARN_UNUSED_FUNCTION = YES;
				GCC_WARN_UNUSED_VARIABLE = YES;
				IPHONEOS_DEPLOYMENT_TARGET = 10.0;
				MTL_ENABLE_DEBUG_INFO = NO;
				SDKROOT = iphoneos;
				SWIFT_OPTIMIZATION_LEVEL = "-Owholemodule";
				TARGETED_DEVICE_FAMILY = "1,2";
				VALIDATE_PRODUCT = YES;
			};
			name = Release;
		};
		126CC5941DB7F58B00798E71 /* Debug */ = {
			isa = XCBuildConfiguration;
			buildSettings = {
				ASSETCATALOG_COMPILER_APPICON_NAME = AppIcon;
				DEVELOPMENT_TEAM = 8DD4C7KK4P;
				INFOPLIST_FILE = PartyRock/Info.plist;
				LD_RUNPATH_SEARCH_PATHS = "$(inherited) @executable_path/Frameworks";
				PRODUCT_BUNDLE_IDENTIFIER = acmeLabs.PartyRock;
				PRODUCT_NAME = "$(TARGET_NAME)";
				SWIFT_VERSION = 3.0;
			};
			name = Debug;
		};
		126CC5951DB7F58B00798E71 /* Release */ = {
			isa = XCBuildConfiguration;
			buildSettings = {
				ASSETCATALOG_COMPILER_APPICON_NAME = AppIcon;
				DEVELOPMENT_TEAM = 8DD4C7KK4P;
				INFOPLIST_FILE = PartyRock/Info.plist;
				LD_RUNPATH_SEARCH_PATHS = "$(inherited) @executable_path/Frameworks";
				PRODUCT_BUNDLE_IDENTIFIER = acmeLabs.PartyRock;
				PRODUCT_NAME = "$(TARGET_NAME)";
				SWIFT_VERSION = 3.0;
			};
			name = Release;
		};
/* End XCBuildConfiguration section */

/* Begin XCConfigurationList section */
		126CC57C1DB7F58B00798E71 /* Build configuration list for PBXProject "PartyRock" */ = {
			isa = XCConfigurationList;
			buildConfigurations = (
				126CC5911DB7F58B00798E71 /* Debug */,
				126CC5921DB7F58B00798E71 /* Release */,
			);
			defaultConfigurationIsVisible = 0;
			defaultConfigurationName = Release;
		};
		126CC5931DB7F58B00798E71 /* Build configuration list for PBXNativeTarget "PartyRock" */ = {
			isa = XCConfigurationList;
			buildConfigurations = (
				126CC5941DB7F58B00798E71 /* Debug */,
				126CC5951DB7F58B00798E71 /* Release */,
			);
			defaultConfigurationIsVisible = 0;
			defaultConfigurationName = Release;
		};
/* End XCConfigurationList section */
	};
	rootObject = 126CC5791DB7F58B00798E71 /* Project object */;
}
